// !$*UTF8*$!
{
	archiveVersion = 1;
	classes = {
	};
	objectVersion = 52;
	objects = {

/* Begin PBXBuildFile section */
		8A054C7B1FFA1ADE00A50CB4 /* Palette.swift in Sources */ = {isa = PBXBuildFile; fileRef = 8A054C7A1FFA1ADE00A50CB4 /* Palette.swift */; };
		8A0EA8E0234B3F2D0029CFB4 /* today.pdf in Resources */ = {isa = PBXBuildFile; fileRef = 8A0EA8DE234B3F2D0029CFB4 /* today.pdf */; };
		8A0EA8E1234B3F2D0029CFB4 /* help.pdf in Resources */ = {isa = PBXBuildFile; fileRef = 8A0EA8DF234B3F2D0029CFB4 /* help.pdf */; };
		8A0EA8E3234B404E0029CFB4 /* FastingLegendTableView.swift in Sources */ = {isa = PBXBuildFile; fileRef = 8A0EA8E2234B404E0029CFB4 /* FastingLegendTableView.swift */; };
		8A0F81912303BD1200BDCCAD /* ReusableCells.swift in Sources */ = {isa = PBXBuildFile; fileRef = 8A0F81902303BD1200BDCCAD /* ReusableCells.swift */; };
		8A1238091F8F3C8900F6B382 /* Animation.swift in Sources */ = {isa = PBXBuildFile; fileRef = 8A1238081F8F3C8900F6B382 /* Animation.swift */; };
		8A12380B1F8F3CB900F6B382 /* TabBarAnimated.swift in Sources */ = {isa = PBXBuildFile; fileRef = 8A12380A1F8F3CB900F6B382 /* TabBarAnimated.swift */; };
		8A12380D1F8F3CED00F6B382 /* ViewControllerAnimated.swift in Sources */ = {isa = PBXBuildFile; fileRef = 8A12380C1F8F3CED00F6B382 /* ViewControllerAnimated.swift */; };
		8A12C92323507D1B00F16694 /* FeastList.swift in Sources */ = {isa = PBXBuildFile; fileRef = 8A12C92123507D1B00F16694 /* FeastList.swift */; };
		8A12C92423507D1B00F16694 /* FeastNotifications.swift in Sources */ = {isa = PBXBuildFile; fileRef = 8A12C92223507D1B00F16694 /* FeastNotifications.swift */; };
		8A161E2523225C900067BE89 /* ReadingJohn.plist in Resources */ = {isa = PBXBuildFile; fileRef = 8A161E2023225C8F0067BE89 /* ReadingJohn.plist */; };
		8A161E2623225C900067BE89 /* ReadingLuke.plist in Resources */ = {isa = PBXBuildFile; fileRef = 8A161E2123225C8F0067BE89 /* ReadingLuke.plist */; };
		8A161E2723225C900067BE89 /* ReadingLent.plist in Resources */ = {isa = PBXBuildFile; fileRef = 8A161E2223225C900067BE89 /* ReadingLent.plist */; };
		8A161E2823225C900067BE89 /* ReadingMatthew.plist in Resources */ = {isa = PBXBuildFile; fileRef = 8A161E2323225C900067BE89 /* ReadingMatthew.plist */; };
		8A161E2923225C900067BE89 /* ReadingApostle.plist in Resources */ = {isa = PBXBuildFile; fileRef = 8A161E2423225C900067BE89 /* ReadingApostle.plist */; };
		8A161E2B232263130067BE89 /* PericopeModel.swift in Sources */ = {isa = PBXBuildFile; fileRef = 8A161E2A232263130067BE89 /* PericopeModel.swift */; };
		8A19AE5F235171D7004A059B /* CenterViewFlowLayout.swift in Sources */ = {isa = PBXBuildFile; fileRef = 8A19AE5C235171D6004A059B /* CenterViewFlowLayout.swift */; };
		8A19AE60235171D7004A059B /* SaintIconView.swift in Sources */ = {isa = PBXBuildFile; fileRef = 8A19AE5D235171D6004A059B /* SaintIconView.swift */; };
		8A19AE61235171D7004A059B /* SaintIconModel.swift in Sources */ = {isa = PBXBuildFile; fileRef = 8A19AE5E235171D7004A059B /* SaintIconModel.swift */; };
		8A229D5922FD7C0F00CEA2DB /* BibleModel.swift in Sources */ = {isa = PBXBuildFile; fileRef = 8A229D5622FD7C0F00CEA2DB /* BibleModel.swift */; };
		8A229D5A22FD7C0F00CEA2DB /* BookModel.swift in Sources */ = {isa = PBXBuildFile; fileRef = 8A229D5722FD7C0F00CEA2DB /* BookModel.swift */; };
		8A229D5B22FD7C0F00CEA2DB /* ChapterViewCell.swift in Sources */ = {isa = PBXBuildFile; fileRef = 8A229D5822FD7C0F00CEA2DB /* ChapterViewCell.swift */; };
		8A229D6322FD7E6700CEA2DB /* review.pdf in Resources */ = {isa = PBXBuildFile; fileRef = 8A229D5D22FD7E6700CEA2DB /* review.pdf */; };
		8A229D6422FD7E6700CEA2DB /* arrow-right.pdf in Resources */ = {isa = PBXBuildFile; fileRef = 8A229D5E22FD7E6700CEA2DB /* arrow-right.pdf */; };
		8A229D6522FD7E6700CEA2DB /* arrow-left.pdf in Resources */ = {isa = PBXBuildFile; fileRef = 8A229D5F22FD7E6700CEA2DB /* arrow-left.pdf */; };
		8A229D6622FD7E6700CEA2DB /* add_bookmark.pdf in Resources */ = {isa = PBXBuildFile; fileRef = 8A229D6022FD7E6700CEA2DB /* add_bookmark.pdf */; };
		8A229D6722FD7E6700CEA2DB /* fontsize.pdf in Resources */ = {isa = PBXBuildFile; fileRef = 8A229D6122FD7E6700CEA2DB /* fontsize.pdf */; };
		8A229D6822FD7E6700CEA2DB /* remove_bookmark.pdf in Resources */ = {isa = PBXBuildFile; fileRef = 8A229D6222FD7E6700CEA2DB /* remove_bookmark.pdf */; };
		8A229D7122FD92A800CEA2DB /* BookTOC.swift in Sources */ = {isa = PBXBuildFile; fileRef = 8A229D6F22FD92A800CEA2DB /* BookTOC.swift */; };
		8A229D7222FD92A800CEA2DB /* BookmarksModel.swift in Sources */ = {isa = PBXBuildFile; fileRef = 8A229D7022FD92A800CEA2DB /* BookmarksModel.swift */; };
		8A23BFBD201048EE0034189E /* Images.xcassets in Resources */ = {isa = PBXBuildFile; fileRef = 8A23BFBC201048EE0034189E /* Images.xcassets */; };
		8A23BFC1201049B10034189E /* bg3@2x.jpg in Resources */ = {isa = PBXBuildFile; fileRef = 8A23BFBF201049B00034189E /* bg3@2x.jpg */; };
		8A23BFC2201049B10034189E /* church@2x.jpg in Resources */ = {isa = PBXBuildFile; fileRef = 8A23BFC0201049B10034189E /* church@2x.jpg */; };
		8A23BFC5201049DC0034189E /* zoom_out.pdf in Resources */ = {isa = PBXBuildFile; fileRef = 8A23BFC3201049DC0034189E /* zoom_out.pdf */; };
		8A23BFC6201049DC0034189E /* zoom_in.pdf in Resources */ = {isa = PBXBuildFile; fileRef = 8A23BFC4201049DC0034189E /* zoom_in.pdf */; };
		8A23BFCA201053BC0034189E /* question.pdf in Resources */ = {isa = PBXBuildFile; fileRef = 8A23BFC7201053BB0034189E /* question.pdf */; };
		8A23BFCB201053BC0034189E /* calendar.pdf in Resources */ = {isa = PBXBuildFile; fileRef = 8A23BFC8201053BB0034189E /* calendar.pdf */; };
		8A23BFCC201053BC0034189E /* options.pdf in Resources */ = {isa = PBXBuildFile; fileRef = 8A23BFC9201053BC0034189E /* options.pdf */; };
		8A23BFCF201056390034189E /* share.pdf in Resources */ = {isa = PBXBuildFile; fileRef = 8A23BFCD201056390034189E /* share.pdf */; };
		8A23BFD0201056390034189E /* close2.pdf in Resources */ = {isa = PBXBuildFile; fileRef = 8A23BFCE201056390034189E /* close2.pdf */; };
		8A2E560F2302B4A8009C8DE8 /* ImageViewCell.swift in Sources */ = {isa = PBXBuildFile; fileRef = 8A2E560E2302B4A8009C8DE8 /* ImageViewCell.swift */; };
		8A35609F27B3BC220096902C /* ChurchFasting.swift in Sources */ = {isa = PBXBuildFile; fileRef = 8A35609E27B3BC220096902C /* ChurchFasting.swift */; };
		8A3560A127B3BC5E0096902C /* ChurchCalendar.swift in Sources */ = {isa = PBXBuildFile; fileRef = 8A3560A027B3BC5E0096902C /* ChurchCalendar.swift */; };
		8A3560A327B3BF910096902C /* ChurchReading.swift in Sources */ = {isa = PBXBuildFile; fileRef = 8A3560A227B3BF910096902C /* ChurchReading.swift */; };
		8A3D824923696D6D00C118AA /* salami.pdf in Resources */ = {isa = PBXBuildFile; fileRef = 8A3D824823696D6D00C118AA /* salami.pdf */; };
		8A3F530D27E04104005C8C2A /* OldTestamentFilenames.json in Resources */ = {isa = PBXBuildFile; fileRef = 8A3F530927E04104005C8C2A /* OldTestamentFilenames.json */; };
		8A3F530E27E04104005C8C2A /* NewTestamentItems.json in Resources */ = {isa = PBXBuildFile; fileRef = 8A3F530A27E04104005C8C2A /* NewTestamentItems.json */; };
		8A3F530F27E04104005C8C2A /* NewTestamentFilenames.json in Resources */ = {isa = PBXBuildFile; fileRef = 8A3F530B27E04104005C8C2A /* NewTestamentFilenames.json */; };
		8A3F531027E04104005C8C2A /* OldTestamentItems.json in Resources */ = {isa = PBXBuildFile; fileRef = 8A3F530C27E04104005C8C2A /* OldTestamentItems.json */; };
		8A42D4B7271E801400AE8E13 /* ChurchTab.swift in Sources */ = {isa = PBXBuildFile; fileRef = 8A42D4B3271E801400AE8E13 /* ChurchTab.swift */; };
		8A42D4B8271E801400AE8E13 /* ChurchInfo.swift in Sources */ = {isa = PBXBuildFile; fileRef = 8A42D4B4271E801400AE8E13 /* ChurchInfo.swift */; };
		8A42D4B9271E801400AE8E13 /* ChurchDonation.swift in Sources */ = {isa = PBXBuildFile; fileRef = 8A42D4B5271E801400AE8E13 /* ChurchDonation.swift */; };
		8A42D4BA271E801400AE8E13 /* IAPHelper.swift in Sources */ = {isa = PBXBuildFile; fileRef = 8A42D4B6271E801400AE8E13 /* IAPHelper.swift */; };
		8A4D008926A6D6E400E355B2 /* BookPageCells.swift in Sources */ = {isa = PBXBuildFile; fileRef = 8A4D008526A6D6E300E355B2 /* BookPageCells.swift */; };
		8A4D008A26A6D6E400E355B2 /* EbookModel.swift in Sources */ = {isa = PBXBuildFile; fileRef = 8A4D008626A6D6E400E355B2 /* EbookModel.swift */; };
		8A4D008B26A6D6E400E355B2 /* BookPageSingle.swift in Sources */ = {isa = PBXBuildFile; fileRef = 8A4D008726A6D6E400E355B2 /* BookPageSingle.swift */; };
		8A4D008C26A6D6E400E355B2 /* BookPageMultiple.swift in Sources */ = {isa = PBXBuildFile; fileRef = 8A4D008826A6D6E400E355B2 /* BookPageMultiple.swift */; };
		8A4D008E26A6D76300E355B2 /* BookUtils.swift in Sources */ = {isa = PBXBuildFile; fileRef = 8A4D008D26A6D76300E355B2 /* BookUtils.swift */; };
		8A53143827BE2A9600FB7149 /* calendar.json in Resources */ = {isa = PBXBuildFile; fileRef = 8A53143727BE2A9600FB7149 /* calendar.json */; };
		8A53143A27BE4D8400FB7149 /* ChurchDay.swift in Sources */ = {isa = PBXBuildFile; fileRef = 8A53143927BE4D8400FB7149 /* ChurchDay.swift */; };
		8A55458721A122E8003C60BC /* SwifterSwift.swift in Sources */ = {isa = PBXBuildFile; fileRef = 8A55458621A122E8003C60BC /* SwifterSwift.swift */; };
		8A5CE4E5219EB99C007FAEAE /* CustomBarButton.swift in Sources */ = {isa = PBXBuildFile; fileRef = 8A5CE4E4219EB99C007FAEAE /* CustomBarButton.swift */; };
		8A5D084F234750B2009D9F55 /* FastingLegendCell.swift in Sources */ = {isa = PBXBuildFile; fileRef = 8A5D084C234750B1009D9F55 /* FastingLegendCell.swift */; };
		8A5D0850234750B2009D9F55 /* YearlyMonthViewCell.swift in Sources */ = {isa = PBXBuildFile; fileRef = 8A5D084D234750B1009D9F55 /* YearlyMonthViewCell.swift */; };
		8A5D0851234750B2009D9F55 /* YearlyMonthViewCell.xib in Resources */ = {isa = PBXBuildFile; fileRef = 8A5D084E234750B1009D9F55 /* YearlyMonthViewCell.xib */; };
		8A5D085423475101009D9F55 /* YearCalendarGridTheme.swift in Sources */ = {isa = PBXBuildFile; fileRef = 8A5D085323475101009D9F55 /* YearCalendarGridTheme.swift */; };
		8A5D085723475433009D9F55 /* YearCalendarGrid.swift in Sources */ = {isa = PBXBuildFile; fileRef = 8A5D085523475433009D9F55 /* YearCalendarGrid.swift */; };
		8A5D085823475433009D9F55 /* TopAlignedCollection.swift in Sources */ = {isa = PBXBuildFile; fileRef = 8A5D085623475433009D9F55 /* TopAlignedCollection.swift */; };
		8A5D085A234757D2009D9F55 /* CalendarSelector.swift in Sources */ = {isa = PBXBuildFile; fileRef = 8A5D0859234757D2009D9F55 /* CalendarSelector.swift */; };
		8A5F0BE81F872D8F0059194A /* TextCell.swift in Sources */ = {isa = PBXBuildFile; fileRef = 8A5F0BE21F872D8F0059194A /* TextCell.swift */; };
		8A5F0BEB1F8732650059194A /* Extensions.swift in Sources */ = {isa = PBXBuildFile; fileRef = 8A5F0BEA1F8732650059194A /* Extensions.swift */; };
		8A86F7442333883800CFC905 /* ServiceDateSelector.swift in Sources */ = {isa = PBXBuildFile; fileRef = 8A86F7432333883800CFC905 /* ServiceDateSelector.swift */; };
		8A88FD6D2377EEA100E46116 /* fat-right.pdf in Resources */ = {isa = PBXBuildFile; fileRef = 8A88FD692377EEA100E46116 /* fat-right.pdf */; };
		8A88FD6E2377EEA100E46116 /* fat-left.pdf in Resources */ = {isa = PBXBuildFile; fileRef = 8A88FD6A2377EEA100E46116 /* fat-left.pdf */; };
		8A88FD6F2377EEA100E46116 /* fat-up.pdf in Resources */ = {isa = PBXBuildFile; fileRef = 8A88FD6B2377EEA100E46116 /* fat-up.pdf */; };
		8A88FD702377EEA100E46116 /* fat-down.pdf in Resources */ = {isa = PBXBuildFile; fileRef = 8A88FD6C2377EEA100E46116 /* fat-down.pdf */; };
		8A88FD772377F2B000E46116 /* sixverse.pdf in Resources */ = {isa = PBXBuildFile; fileRef = 8A88FD712377F2AF00E46116 /* sixverse.pdf */; };
		8A88FD782377F2B000E46116 /* doxology.pdf in Resources */ = {isa = PBXBuildFile; fileRef = 8A88FD722377F2AF00E46116 /* doxology.pdf */; };
		8A88FD792377F2B000E46116 /* polyeleos.pdf in Resources */ = {isa = PBXBuildFile; fileRef = 8A88FD732377F2AF00E46116 /* polyeleos.pdf */; };
		8A88FD7A2377F2B000E46116 /* vigil.pdf in Resources */ = {isa = PBXBuildFile; fileRef = 8A88FD742377F2AF00E46116 /* vigil.pdf */; };
		8A88FD7B2377F2B000E46116 /* great.pdf in Resources */ = {isa = PBXBuildFile; fileRef = 8A88FD752377F2AF00E46116 /* great.pdf */; };
		8A88FD7C2377F2B000E46116 /* nosign.pdf in Resources */ = {isa = PBXBuildFile; fileRef = 8A88FD762377F2B000E46116 /* nosign.pdf */; };
		8A88FD7F2377F58000E46116 /* CompactViewController.swift in Sources */ = {isa = PBXBuildFile; fileRef = 8A88FD7D2377F57F00E46116 /* CompactViewController.swift */; };
		8A88FD802377F58000E46116 /* ExpandedViewController.swift in Sources */ = {isa = PBXBuildFile; fileRef = 8A88FD7E2377F58000E46116 /* ExpandedViewController.swift */; };
		8A88FD832377FA9C00E46116 /* CalendarWidgetViewController.swift in Sources */ = {isa = PBXBuildFile; fileRef = 8A88FD822377FA9C00E46116 /* CalendarWidgetViewController.swift */; };
		8A88FD852377FAB600E46116 /* NotificationCenter.framework in Frameworks */ = {isa = PBXBuildFile; fileRef = 8A88FD842377FAB600E46116 /* NotificationCenter.framework */; platformFilter = ios; };
		8A99279D2871C5F300A771BF /* PreachmentModel.swift in Sources */ = {isa = PBXBuildFile; fileRef = 8A99279C2871C5F300A771BF /* PreachmentModel.swift */; };
		8AA660DB22EEA1AE0021D996 /* Translate.swift in Sources */ = {isa = PBXBuildFile; fileRef = 8AA660D722EEA1AE0021D996 /* Translate.swift */; };
		8AA660E022EEA67F0021D996 /* SaintModel.swift in Sources */ = {isa = PBXBuildFile; fileRef = 8AA660DF22EEA67F0021D996 /* SaintModel.swift */; };
		8AA660E222EED0570021D996 /* AppGroup.swift in Sources */ = {isa = PBXBuildFile; fileRef = 8AA660E122EED0570021D996 /* AppGroup.swift */; };
		8AB18EF01F86360300F1A65C /* swift_toolkit.h in Headers */ = {isa = PBXBuildFile; fileRef = 8AB18EEE1F86360300F1A65C /* swift_toolkit.h */; settings = {ATTRIBUTES = (Public, ); }; };
		8AC338161FB851C100CF0D02 /* Main.storyboard in Resources */ = {isa = PBXBuildFile; fileRef = 8AC338151FB851C100CF0D02 /* Main.storyboard */; };
		8AC3381E1FB879D300CF0D02 /* CalendarDelegate.swift in Sources */ = {isa = PBXBuildFile; fileRef = 8AC3381A1FB879D200CF0D02 /* CalendarDelegate.swift */; };
		8AC3381F1FB879D300CF0D02 /* PopupController.swift in Sources */ = {isa = PBXBuildFile; fileRef = 8AC3381B1FB879D200CF0D02 /* PopupController.swift */; };
		8AC338201FB879D300CF0D02 /* CalendarContainer.swift in Sources */ = {isa = PBXBuildFile; fileRef = 8AC3381C1FB879D300CF0D02 /* CalendarContainer.swift */; };
		8AC338211FB879D300CF0D02 /* MonthViewCell.swift in Sources */ = {isa = PBXBuildFile; fileRef = 8AC3381D1FB879D300CF0D02 /* MonthViewCell.swift */; };
		8AC675421FED06A900A9000C /* Theme.swift in Sources */ = {isa = PBXBuildFile; fileRef = 8AC675411FED06A900A9000C /* Theme.swift */; };
		8AE3FA0722EB04FB0051F27F /* food-fish.pdf in Resources */ = {isa = PBXBuildFile; fileRef = 8AE3F9FE22EB04FB0051F27F /* food-fish.pdf */; };
		8AE3FA0822EB04FB0051F27F /* food-fruits.pdf in Resources */ = {isa = PBXBuildFile; fileRef = 8AE3F9FF22EB04FB0051F27F /* food-fruits.pdf */; };
		8AE3FA0922EB04FB0051F27F /* food-nothing.pdf in Resources */ = {isa = PBXBuildFile; fileRef = 8AE3FA0022EB04FB0051F27F /* food-nothing.pdf */; };
		8AE3FA0A22EB04FB0051F27F /* food-mexican.pdf in Resources */ = {isa = PBXBuildFile; fileRef = 8AE3FA0122EB04FB0051F27F /* food-mexican.pdf */; };
		8AE3FA0B22EB04FB0051F27F /* food-pancake.pdf in Resources */ = {isa = PBXBuildFile; fileRef = 8AE3FA0222EB04FB0051F27F /* food-pancake.pdf */; };
		8AE3FA0C22EB04FB0051F27F /* food-without-oil.pdf in Resources */ = {isa = PBXBuildFile; fileRef = 8AE3FA0322EB04FB0051F27F /* food-without-oil.pdf */; };
		8AE3FA0D22EB04FB0051F27F /* food-vegetables.pdf in Resources */ = {isa = PBXBuildFile; fileRef = 8AE3FA0422EB04FB0051F27F /* food-vegetables.pdf */; };
		8AE3FA0E22EB04FB0051F27F /* food-cupcake.pdf in Resources */ = {isa = PBXBuildFile; fileRef = 8AE3FA0522EB04FB0051F27F /* food-cupcake.pdf */; };
		8AE3FA0F22EB04FB0051F27F /* food-burger.pdf in Resources */ = {isa = PBXBuildFile; fileRef = 8AE3FA0622EB04FB0051F27F /* food-burger.pdf */; };
		8AFD017B23813E6500BE14D1 /* WeekCalendar.swift in Sources */ = {isa = PBXBuildFile; fileRef = 8AFD017923813E6500BE14D1 /* WeekCalendar.swift */; };
		8AFD017C23813E6500BE14D1 /* WeekCalendarCell.swift in Sources */ = {isa = PBXBuildFile; fileRef = 8AFD017A23813E6500BE14D1 /* WeekCalendarCell.swift */; };
		8AFE334622F41A06008DBCD6 /* LabelViewCell.swift in Sources */ = {isa = PBXBuildFile; fileRef = 8AFE334522F41A06008DBCD6 /* LabelViewCell.swift */; };
		8AFE334822F4319F008DBCD6 /* DayViewCell.swift in Sources */ = {isa = PBXBuildFile; fileRef = 8AFE334722F4319F008DBCD6 /* DayViewCell.swift */; };
		8AFF6641218EEC9100DDA40B /* TextDetailsCell.swift in Sources */ = {isa = PBXBuildFile; fileRef = 8AFF663F218EEC9100DDA40B /* TextDetailsCell.swift */; };
		8AFF6645218EED6500DDA40B /* ImageCell.swift in Sources */ = {isa = PBXBuildFile; fileRef = 8AFF6643218EED6500DDA40B /* ImageCell.swift */; };
/* End PBXBuildFile section */

/* Begin PBXFileReference section */
		8A054C7A1FFA1ADE00A50CB4 /* Palette.swift */ = {isa = PBXFileReference; fileEncoding = 4; lastKnownFileType = sourcecode.swift; path = Palette.swift; sourceTree = "<group>"; };
		8A0EA8DE234B3F2D0029CFB4 /* today.pdf */ = {isa = PBXFileReference; lastKnownFileType = image.pdf; path = today.pdf; sourceTree = "<group>"; };
		8A0EA8DF234B3F2D0029CFB4 /* help.pdf */ = {isa = PBXFileReference; lastKnownFileType = image.pdf; path = help.pdf; sourceTree = "<group>"; };
		8A0EA8E2234B404E0029CFB4 /* FastingLegendTableView.swift */ = {isa = PBXFileReference; fileEncoding = 4; lastKnownFileType = sourcecode.swift; path = FastingLegendTableView.swift; sourceTree = "<group>"; };
		8A0F81902303BD1200BDCCAD /* ReusableCells.swift */ = {isa = PBXFileReference; lastKnownFileType = sourcecode.swift; path = ReusableCells.swift; sourceTree = "<group>"; };
		8A1238081F8F3C8900F6B382 /* Animation.swift */ = {isa = PBXFileReference; fileEncoding = 4; lastKnownFileType = sourcecode.swift; path = Animation.swift; sourceTree = "<group>"; };
		8A12380A1F8F3CB900F6B382 /* TabBarAnimated.swift */ = {isa = PBXFileReference; lastKnownFileType = sourcecode.swift; path = TabBarAnimated.swift; sourceTree = "<group>"; };
		8A12380C1F8F3CED00F6B382 /* ViewControllerAnimated.swift */ = {isa = PBXFileReference; lastKnownFileType = sourcecode.swift; path = ViewControllerAnimated.swift; sourceTree = "<group>"; };
		8A12C92123507D1B00F16694 /* FeastList.swift */ = {isa = PBXFileReference; fileEncoding = 4; lastKnownFileType = sourcecode.swift; path = FeastList.swift; sourceTree = "<group>"; };
		8A12C92223507D1B00F16694 /* FeastNotifications.swift */ = {isa = PBXFileReference; fileEncoding = 4; lastKnownFileType = sourcecode.swift; path = FeastNotifications.swift; sourceTree = "<group>"; };
		8A161E2023225C8F0067BE89 /* ReadingJohn.plist */ = {isa = PBXFileReference; fileEncoding = 4; lastKnownFileType = text.plist.xml; path = ReadingJohn.plist; sourceTree = "<group>"; };
		8A161E2123225C8F0067BE89 /* ReadingLuke.plist */ = {isa = PBXFileReference; fileEncoding = 4; lastKnownFileType = text.plist.xml; path = ReadingLuke.plist; sourceTree = "<group>"; };
		8A161E2223225C900067BE89 /* ReadingLent.plist */ = {isa = PBXFileReference; fileEncoding = 4; lastKnownFileType = text.plist.xml; path = ReadingLent.plist; sourceTree = "<group>"; };
		8A161E2323225C900067BE89 /* ReadingMatthew.plist */ = {isa = PBXFileReference; fileEncoding = 4; lastKnownFileType = text.plist.xml; path = ReadingMatthew.plist; sourceTree = "<group>"; };
		8A161E2423225C900067BE89 /* ReadingApostle.plist */ = {isa = PBXFileReference; fileEncoding = 4; lastKnownFileType = text.plist.xml; path = ReadingApostle.plist; sourceTree = "<group>"; };
		8A161E2A232263130067BE89 /* PericopeModel.swift */ = {isa = PBXFileReference; fileEncoding = 4; lastKnownFileType = sourcecode.swift; path = PericopeModel.swift; sourceTree = "<group>"; };
		8A19AE5C235171D6004A059B /* CenterViewFlowLayout.swift */ = {isa = PBXFileReference; fileEncoding = 4; lastKnownFileType = sourcecode.swift; path = CenterViewFlowLayout.swift; sourceTree = "<group>"; };
		8A19AE5D235171D6004A059B /* SaintIconView.swift */ = {isa = PBXFileReference; fileEncoding = 4; lastKnownFileType = sourcecode.swift; path = SaintIconView.swift; sourceTree = "<group>"; };
		8A19AE5E235171D7004A059B /* SaintIconModel.swift */ = {isa = PBXFileReference; fileEncoding = 4; lastKnownFileType = sourcecode.swift; path = SaintIconModel.swift; sourceTree = "<group>"; };
		8A229D5622FD7C0F00CEA2DB /* BibleModel.swift */ = {isa = PBXFileReference; fileEncoding = 4; lastKnownFileType = sourcecode.swift; path = BibleModel.swift; sourceTree = "<group>"; };
		8A229D5722FD7C0F00CEA2DB /* BookModel.swift */ = {isa = PBXFileReference; fileEncoding = 4; lastKnownFileType = sourcecode.swift; path = BookModel.swift; sourceTree = "<group>"; };
		8A229D5822FD7C0F00CEA2DB /* ChapterViewCell.swift */ = {isa = PBXFileReference; fileEncoding = 4; lastKnownFileType = sourcecode.swift; path = ChapterViewCell.swift; sourceTree = "<group>"; };
		8A229D5D22FD7E6700CEA2DB /* review.pdf */ = {isa = PBXFileReference; lastKnownFileType = image.pdf; path = review.pdf; sourceTree = "<group>"; };
		8A229D5E22FD7E6700CEA2DB /* arrow-right.pdf */ = {isa = PBXFileReference; lastKnownFileType = image.pdf; path = "arrow-right.pdf"; sourceTree = "<group>"; };
		8A229D5F22FD7E6700CEA2DB /* arrow-left.pdf */ = {isa = PBXFileReference; lastKnownFileType = image.pdf; path = "arrow-left.pdf"; sourceTree = "<group>"; };
		8A229D6022FD7E6700CEA2DB /* add_bookmark.pdf */ = {isa = PBXFileReference; lastKnownFileType = image.pdf; path = add_bookmark.pdf; sourceTree = "<group>"; };
		8A229D6122FD7E6700CEA2DB /* fontsize.pdf */ = {isa = PBXFileReference; lastKnownFileType = image.pdf; path = fontsize.pdf; sourceTree = "<group>"; };
		8A229D6222FD7E6700CEA2DB /* remove_bookmark.pdf */ = {isa = PBXFileReference; lastKnownFileType = image.pdf; path = remove_bookmark.pdf; sourceTree = "<group>"; };
		8A229D6F22FD92A800CEA2DB /* BookTOC.swift */ = {isa = PBXFileReference; fileEncoding = 4; lastKnownFileType = sourcecode.swift; path = BookTOC.swift; sourceTree = "<group>"; };
		8A229D7022FD92A800CEA2DB /* BookmarksModel.swift */ = {isa = PBXFileReference; fileEncoding = 4; lastKnownFileType = sourcecode.swift; path = BookmarksModel.swift; sourceTree = "<group>"; };
		8A23BFBC201048EE0034189E /* Images.xcassets */ = {isa = PBXFileReference; lastKnownFileType = folder.assetcatalog; path = Images.xcassets; sourceTree = "<group>"; };
		8A23BFBF201049B00034189E /* bg3@2x.jpg */ = {isa = PBXFileReference; lastKnownFileType = image.jpeg; path = "bg3@2x.jpg"; sourceTree = "<group>"; };
		8A23BFC0201049B10034189E /* church@2x.jpg */ = {isa = PBXFileReference; lastKnownFileType = image.jpeg; path = "church@2x.jpg"; sourceTree = "<group>"; };
		8A23BFC3201049DC0034189E /* zoom_out.pdf */ = {isa = PBXFileReference; lastKnownFileType = image.pdf; path = zoom_out.pdf; sourceTree = "<group>"; };
		8A23BFC4201049DC0034189E /* zoom_in.pdf */ = {isa = PBXFileReference; lastKnownFileType = image.pdf; path = zoom_in.pdf; sourceTree = "<group>"; };
		8A23BFC7201053BB0034189E /* question.pdf */ = {isa = PBXFileReference; lastKnownFileType = image.pdf; path = question.pdf; sourceTree = "<group>"; };
		8A23BFC8201053BB0034189E /* calendar.pdf */ = {isa = PBXFileReference; lastKnownFileType = image.pdf; path = calendar.pdf; sourceTree = "<group>"; };
		8A23BFC9201053BC0034189E /* options.pdf */ = {isa = PBXFileReference; lastKnownFileType = image.pdf; path = options.pdf; sourceTree = "<group>"; };
		8A23BFCD201056390034189E /* share.pdf */ = {isa = PBXFileReference; lastKnownFileType = image.pdf; path = share.pdf; sourceTree = "<group>"; };
		8A23BFCE201056390034189E /* close2.pdf */ = {isa = PBXFileReference; lastKnownFileType = image.pdf; path = close2.pdf; sourceTree = "<group>"; };
		8A2E560E2302B4A8009C8DE8 /* ImageViewCell.swift */ = {isa = PBXFileReference; lastKnownFileType = sourcecode.swift; path = ImageViewCell.swift; sourceTree = "<group>"; };
		8A35609E27B3BC220096902C /* ChurchFasting.swift */ = {isa = PBXFileReference; fileEncoding = 4; lastKnownFileType = sourcecode.swift; path = ChurchFasting.swift; sourceTree = "<group>"; };
		8A3560A027B3BC5E0096902C /* ChurchCalendar.swift */ = {isa = PBXFileReference; fileEncoding = 4; lastKnownFileType = sourcecode.swift; path = ChurchCalendar.swift; sourceTree = "<group>"; };
		8A3560A227B3BF910096902C /* ChurchReading.swift */ = {isa = PBXFileReference; fileEncoding = 4; lastKnownFileType = sourcecode.swift; path = ChurchReading.swift; sourceTree = "<group>"; };
		8A3D824823696D6D00C118AA /* salami.pdf */ = {isa = PBXFileReference; lastKnownFileType = image.pdf; path = salami.pdf; sourceTree = "<group>"; };
		8A3F530927E04104005C8C2A /* OldTestamentFilenames.json */ = {isa = PBXFileReference; fileEncoding = 4; lastKnownFileType = text.json; path = OldTestamentFilenames.json; sourceTree = "<group>"; };
		8A3F530A27E04104005C8C2A /* NewTestamentItems.json */ = {isa = PBXFileReference; fileEncoding = 4; lastKnownFileType = text.json; path = NewTestamentItems.json; sourceTree = "<group>"; };
		8A3F530B27E04104005C8C2A /* NewTestamentFilenames.json */ = {isa = PBXFileReference; fileEncoding = 4; lastKnownFileType = text.json; path = NewTestamentFilenames.json; sourceTree = "<group>"; };
		8A3F530C27E04104005C8C2A /* OldTestamentItems.json */ = {isa = PBXFileReference; fileEncoding = 4; lastKnownFileType = text.json; path = OldTestamentItems.json; sourceTree = "<group>"; };
		8A42D4B3271E801400AE8E13 /* ChurchTab.swift */ = {isa = PBXFileReference; fileEncoding = 4; lastKnownFileType = sourcecode.swift; path = ChurchTab.swift; sourceTree = "<group>"; };
		8A42D4B4271E801400AE8E13 /* ChurchInfo.swift */ = {isa = PBXFileReference; fileEncoding = 4; lastKnownFileType = sourcecode.swift; path = ChurchInfo.swift; sourceTree = "<group>"; };
		8A42D4B5271E801400AE8E13 /* ChurchDonation.swift */ = {isa = PBXFileReference; fileEncoding = 4; lastKnownFileType = sourcecode.swift; path = ChurchDonation.swift; sourceTree = "<group>"; };
		8A42D4B6271E801400AE8E13 /* IAPHelper.swift */ = {isa = PBXFileReference; fileEncoding = 4; lastKnownFileType = sourcecode.swift; path = IAPHelper.swift; sourceTree = "<group>"; };
		8A4D008526A6D6E300E355B2 /* BookPageCells.swift */ = {isa = PBXFileReference; fileEncoding = 4; lastKnownFileType = sourcecode.swift; path = BookPageCells.swift; sourceTree = "<group>"; };
		8A4D008626A6D6E400E355B2 /* EbookModel.swift */ = {isa = PBXFileReference; fileEncoding = 4; lastKnownFileType = sourcecode.swift; path = EbookModel.swift; sourceTree = "<group>"; };
		8A4D008726A6D6E400E355B2 /* BookPageSingle.swift */ = {isa = PBXFileReference; fileEncoding = 4; lastKnownFileType = sourcecode.swift; path = BookPageSingle.swift; sourceTree = "<group>"; };
		8A4D008826A6D6E400E355B2 /* BookPageMultiple.swift */ = {isa = PBXFileReference; fileEncoding = 4; lastKnownFileType = sourcecode.swift; path = BookPageMultiple.swift; sourceTree = "<group>"; };
		8A4D008D26A6D76300E355B2 /* BookUtils.swift */ = {isa = PBXFileReference; lastKnownFileType = sourcecode.swift; path = BookUtils.swift; sourceTree = "<group>"; };
		8A53143727BE2A9600FB7149 /* calendar.json */ = {isa = PBXFileReference; fileEncoding = 4; lastKnownFileType = text.json; path = calendar.json; sourceTree = "<group>"; };
		8A53143927BE4D8400FB7149 /* ChurchDay.swift */ = {isa = PBXFileReference; lastKnownFileType = sourcecode.swift; path = ChurchDay.swift; sourceTree = "<group>"; };
		8A55458621A122E8003C60BC /* SwifterSwift.swift */ = {isa = PBXFileReference; lastKnownFileType = sourcecode.swift; path = SwifterSwift.swift; sourceTree = "<group>"; };
		8A5CE4E4219EB99C007FAEAE /* CustomBarButton.swift */ = {isa = PBXFileReference; lastKnownFileType = sourcecode.swift; path = CustomBarButton.swift; sourceTree = "<group>"; };
		8A5D084C234750B1009D9F55 /* FastingLegendCell.swift */ = {isa = PBXFileReference; fileEncoding = 4; lastKnownFileType = sourcecode.swift; path = FastingLegendCell.swift; sourceTree = "<group>"; };
		8A5D084D234750B1009D9F55 /* YearlyMonthViewCell.swift */ = {isa = PBXFileReference; fileEncoding = 4; lastKnownFileType = sourcecode.swift; path = YearlyMonthViewCell.swift; sourceTree = "<group>"; };
		8A5D084E234750B1009D9F55 /* YearlyMonthViewCell.xib */ = {isa = PBXFileReference; fileEncoding = 4; lastKnownFileType = file.xib; path = YearlyMonthViewCell.xib; sourceTree = "<group>"; };
		8A5D085323475101009D9F55 /* YearCalendarGridTheme.swift */ = {isa = PBXFileReference; fileEncoding = 4; lastKnownFileType = sourcecode.swift; path = YearCalendarGridTheme.swift; sourceTree = "<group>"; };
		8A5D085523475433009D9F55 /* YearCalendarGrid.swift */ = {isa = PBXFileReference; fileEncoding = 4; lastKnownFileType = sourcecode.swift; path = YearCalendarGrid.swift; sourceTree = "<group>"; };
		8A5D085623475433009D9F55 /* TopAlignedCollection.swift */ = {isa = PBXFileReference; fileEncoding = 4; lastKnownFileType = sourcecode.swift; path = TopAlignedCollection.swift; sourceTree = "<group>"; };
		8A5D0859234757D2009D9F55 /* CalendarSelector.swift */ = {isa = PBXFileReference; fileEncoding = 4; lastKnownFileType = sourcecode.swift; path = CalendarSelector.swift; sourceTree = "<group>"; };
		8A5F0BE21F872D8F0059194A /* TextCell.swift */ = {isa = PBXFileReference; fileEncoding = 4; lastKnownFileType = sourcecode.swift; path = TextCell.swift; sourceTree = "<group>"; };
		8A5F0BEA1F8732650059194A /* Extensions.swift */ = {isa = PBXFileReference; lastKnownFileType = sourcecode.swift; path = Extensions.swift; sourceTree = "<group>"; };
		8A86F7432333883800CFC905 /* ServiceDateSelector.swift */ = {isa = PBXFileReference; fileEncoding = 4; lastKnownFileType = sourcecode.swift; path = ServiceDateSelector.swift; sourceTree = "<group>"; };
		8A88FD692377EEA100E46116 /* fat-right.pdf */ = {isa = PBXFileReference; lastKnownFileType = image.pdf; path = "fat-right.pdf"; sourceTree = "<group>"; };
		8A88FD6A2377EEA100E46116 /* fat-left.pdf */ = {isa = PBXFileReference; lastKnownFileType = image.pdf; path = "fat-left.pdf"; sourceTree = "<group>"; };
		8A88FD6B2377EEA100E46116 /* fat-up.pdf */ = {isa = PBXFileReference; lastKnownFileType = image.pdf; path = "fat-up.pdf"; sourceTree = "<group>"; };
		8A88FD6C2377EEA100E46116 /* fat-down.pdf */ = {isa = PBXFileReference; lastKnownFileType = image.pdf; path = "fat-down.pdf"; sourceTree = "<group>"; };
		8A88FD712377F2AF00E46116 /* sixverse.pdf */ = {isa = PBXFileReference; lastKnownFileType = image.pdf; path = sixverse.pdf; sourceTree = "<group>"; };
		8A88FD722377F2AF00E46116 /* doxology.pdf */ = {isa = PBXFileReference; lastKnownFileType = image.pdf; path = doxology.pdf; sourceTree = "<group>"; };
		8A88FD732377F2AF00E46116 /* polyeleos.pdf */ = {isa = PBXFileReference; lastKnownFileType = image.pdf; path = polyeleos.pdf; sourceTree = "<group>"; };
		8A88FD742377F2AF00E46116 /* vigil.pdf */ = {isa = PBXFileReference; lastKnownFileType = image.pdf; path = vigil.pdf; sourceTree = "<group>"; };
		8A88FD752377F2AF00E46116 /* great.pdf */ = {isa = PBXFileReference; lastKnownFileType = image.pdf; path = great.pdf; sourceTree = "<group>"; };
		8A88FD762377F2B000E46116 /* nosign.pdf */ = {isa = PBXFileReference; lastKnownFileType = image.pdf; path = nosign.pdf; sourceTree = "<group>"; };
		8A88FD7D2377F57F00E46116 /* CompactViewController.swift */ = {isa = PBXFileReference; fileEncoding = 4; lastKnownFileType = sourcecode.swift; path = CompactViewController.swift; sourceTree = "<group>"; };
		8A88FD7E2377F58000E46116 /* ExpandedViewController.swift */ = {isa = PBXFileReference; fileEncoding = 4; lastKnownFileType = sourcecode.swift; path = ExpandedViewController.swift; sourceTree = "<group>"; };
		8A88FD822377FA9C00E46116 /* CalendarWidgetViewController.swift */ = {isa = PBXFileReference; fileEncoding = 4; lastKnownFileType = sourcecode.swift; path = CalendarWidgetViewController.swift; sourceTree = "<group>"; };
		8A88FD842377FAB600E46116 /* NotificationCenter.framework */ = {isa = PBXFileReference; lastKnownFileType = wrapper.framework; name = NotificationCenter.framework; path = System/Library/Frameworks/NotificationCenter.framework; sourceTree = SDKROOT; };
		8A99279C2871C5F300A771BF /* PreachmentModel.swift */ = {isa = PBXFileReference; lastKnownFileType = sourcecode.swift; path = PreachmentModel.swift; sourceTree = "<group>"; };
		8AA660D722EEA1AE0021D996 /* Translate.swift */ = {isa = PBXFileReference; fileEncoding = 4; lastKnownFileType = sourcecode.swift; path = Translate.swift; sourceTree = "<group>"; };
		8AA660DF22EEA67F0021D996 /* SaintModel.swift */ = {isa = PBXFileReference; lastKnownFileType = sourcecode.swift; path = SaintModel.swift; sourceTree = "<group>"; };
		8AA660E122EED0570021D996 /* AppGroup.swift */ = {isa = PBXFileReference; lastKnownFileType = sourcecode.swift; path = AppGroup.swift; sourceTree = "<group>"; };
		8AB18EEB1F86360300F1A65C /* swift_toolkit.framework */ = {isa = PBXFileReference; explicitFileType = wrapper.framework; includeInIndex = 0; path = swift_toolkit.framework; sourceTree = BUILT_PRODUCTS_DIR; };
		8AB18EEE1F86360300F1A65C /* swift_toolkit.h */ = {isa = PBXFileReference; lastKnownFileType = sourcecode.c.h; path = swift_toolkit.h; sourceTree = "<group>"; };
		8AB18EEF1F86360300F1A65C /* Info.plist */ = {isa = PBXFileReference; lastKnownFileType = text.plist.xml; path = Info.plist; sourceTree = "<group>"; };
		8AC338151FB851C100CF0D02 /* Main.storyboard */ = {isa = PBXFileReference; lastKnownFileType = file.storyboard; path = Main.storyboard; sourceTree = "<group>"; };
		8AC3381A1FB879D200CF0D02 /* CalendarDelegate.swift */ = {isa = PBXFileReference; fileEncoding = 4; lastKnownFileType = sourcecode.swift; path = CalendarDelegate.swift; sourceTree = "<group>"; };
		8AC3381B1FB879D200CF0D02 /* PopupController.swift */ = {isa = PBXFileReference; fileEncoding = 4; lastKnownFileType = sourcecode.swift; path = PopupController.swift; sourceTree = "<group>"; };
		8AC3381C1FB879D300CF0D02 /* CalendarContainer.swift */ = {isa = PBXFileReference; fileEncoding = 4; lastKnownFileType = sourcecode.swift; path = CalendarContainer.swift; sourceTree = "<group>"; };
		8AC3381D1FB879D300CF0D02 /* MonthViewCell.swift */ = {isa = PBXFileReference; fileEncoding = 4; lastKnownFileType = sourcecode.swift; path = MonthViewCell.swift; sourceTree = "<group>"; };
		8AC675411FED06A900A9000C /* Theme.swift */ = {isa = PBXFileReference; fileEncoding = 4; lastKnownFileType = sourcecode.swift; path = Theme.swift; sourceTree = "<group>"; };
		8AE3F9FE22EB04FB0051F27F /* food-fish.pdf */ = {isa = PBXFileReference; lastKnownFileType = image.pdf; path = "food-fish.pdf"; sourceTree = "<group>"; };
		8AE3F9FF22EB04FB0051F27F /* food-fruits.pdf */ = {isa = PBXFileReference; lastKnownFileType = image.pdf; path = "food-fruits.pdf"; sourceTree = "<group>"; };
		8AE3FA0022EB04FB0051F27F /* food-nothing.pdf */ = {isa = PBXFileReference; lastKnownFileType = image.pdf; path = "food-nothing.pdf"; sourceTree = "<group>"; };
		8AE3FA0122EB04FB0051F27F /* food-mexican.pdf */ = {isa = PBXFileReference; lastKnownFileType = image.pdf; path = "food-mexican.pdf"; sourceTree = "<group>"; };
		8AE3FA0222EB04FB0051F27F /* food-pancake.pdf */ = {isa = PBXFileReference; lastKnownFileType = image.pdf; path = "food-pancake.pdf"; sourceTree = "<group>"; };
		8AE3FA0322EB04FB0051F27F /* food-without-oil.pdf */ = {isa = PBXFileReference; lastKnownFileType = image.pdf; path = "food-without-oil.pdf"; sourceTree = "<group>"; };
		8AE3FA0422EB04FB0051F27F /* food-vegetables.pdf */ = {isa = PBXFileReference; lastKnownFileType = image.pdf; path = "food-vegetables.pdf"; sourceTree = "<group>"; };
		8AE3FA0522EB04FB0051F27F /* food-cupcake.pdf */ = {isa = PBXFileReference; lastKnownFileType = image.pdf; path = "food-cupcake.pdf"; sourceTree = "<group>"; };
		8AE3FA0622EB04FB0051F27F /* food-burger.pdf */ = {isa = PBXFileReference; lastKnownFileType = image.pdf; path = "food-burger.pdf"; sourceTree = "<group>"; };
		8AFD017923813E6500BE14D1 /* WeekCalendar.swift */ = {isa = PBXFileReference; fileEncoding = 4; lastKnownFileType = sourcecode.swift; path = WeekCalendar.swift; sourceTree = "<group>"; };
		8AFD017A23813E6500BE14D1 /* WeekCalendarCell.swift */ = {isa = PBXFileReference; fileEncoding = 4; lastKnownFileType = sourcecode.swift; path = WeekCalendarCell.swift; sourceTree = "<group>"; };
		8AFE334522F41A06008DBCD6 /* LabelViewCell.swift */ = {isa = PBXFileReference; fileEncoding = 4; lastKnownFileType = sourcecode.swift; path = LabelViewCell.swift; sourceTree = "<group>"; };
		8AFE334722F4319F008DBCD6 /* DayViewCell.swift */ = {isa = PBXFileReference; lastKnownFileType = sourcecode.swift; path = DayViewCell.swift; sourceTree = "<group>"; };
		8AFF663F218EEC9100DDA40B /* TextDetailsCell.swift */ = {isa = PBXFileReference; lastKnownFileType = sourcecode.swift; path = TextDetailsCell.swift; sourceTree = "<group>"; };
		8AFF6643218EED6500DDA40B /* ImageCell.swift */ = {isa = PBXFileReference; lastKnownFileType = sourcecode.swift; path = ImageCell.swift; sourceTree = "<group>"; };
/* End PBXFileReference section */

/* Begin PBXFrameworksBuildPhase section */
		8AB18EE71F86360300F1A65C /* Frameworks */ = {
			isa = PBXFrameworksBuildPhase;
			buildActionMask = 2147483647;
			files = (
				8A88FD852377FAB600E46116 /* NotificationCenter.framework in Frameworks */,
			);
			runOnlyForDeploymentPostprocessing = 0;
		};
/* End PBXFrameworksBuildPhase section */

/* Begin PBXGroup section */
		8A00A50A22F6DE540040F14C /* Calendar */ = {
			isa = PBXGroup;
			children = (
				8A53143727BE2A9600FB7149 /* calendar.json */,
				8A3560A227B3BF910096902C /* ChurchReading.swift */,
				8A53143927BE4D8400FB7149 /* ChurchDay.swift */,
				8A3560A027B3BC5E0096902C /* ChurchCalendar.swift */,
				8A35609E27B3BC220096902C /* ChurchFasting.swift */,
				8A161E2A232263130067BE89 /* PericopeModel.swift */,
				8A161E2423225C900067BE89 /* ReadingApostle.plist */,
				8A161E2023225C8F0067BE89 /* ReadingJohn.plist */,
				8A161E2223225C900067BE89 /* ReadingLent.plist */,
				8A161E2123225C8F0067BE89 /* ReadingLuke.plist */,
				8A161E2323225C900067BE89 /* ReadingMatthew.plist */,
			);
			name = Calendar;
			sourceTree = "<group>";
		};
		8A0F819223040E9500BDCCAD /* Custom UI */ = {
			isa = PBXGroup;
			children = (
				8A5CE4E4219EB99C007FAEAE /* CustomBarButton.swift */,
				8A0F81902303BD1200BDCCAD /* ReusableCells.swift */,
				8A5F0BE21F872D8F0059194A /* TextCell.swift */,
				8AFF663F218EEC9100DDA40B /* TextDetailsCell.swift */,
				8AFF6643218EED6500DDA40B /* ImageCell.swift */,
				8AFE334522F41A06008DBCD6 /* LabelViewCell.swift */,
				8A2E560E2302B4A8009C8DE8 /* ImageViewCell.swift */,
				8AC3381B1FB879D200CF0D02 /* PopupController.swift */,
				8A1238081F8F3C8900F6B382 /* Animation.swift */,
				8A12380A1F8F3CB900F6B382 /* TabBarAnimated.swift */,
				8A12380C1F8F3CED00F6B382 /* ViewControllerAnimated.swift */,
			);
			name = "Custom UI";
			sourceTree = "<group>";
		};
		8A161E1F23225A730067BE89 /* Calendar UI */ = {
			isa = PBXGroup;
			children = (
				8AFD017923813E6500BE14D1 /* WeekCalendar.swift */,
				8AFD017A23813E6500BE14D1 /* WeekCalendarCell.swift */,
				8A5D0859234757D2009D9F55 /* CalendarSelector.swift */,
				8A0EA8E2234B404E0029CFB4 /* FastingLegendTableView.swift */,
				8AC3381C1FB879D300CF0D02 /* CalendarContainer.swift */,
				8AC3381A1FB879D200CF0D02 /* CalendarDelegate.swift */,
				8AC3381D1FB879D300CF0D02 /* MonthViewCell.swift */,
				8AFE334722F4319F008DBCD6 /* DayViewCell.swift */,
			);
			name = "Calendar UI";
			sourceTree = "<group>";
		};
		8A19AE5B23517188004A059B /* DailyTab */ = {
			isa = PBXGroup;
			children = (
				8A19AE5C235171D6004A059B /* CenterViewFlowLayout.swift */,
				8A19AE5E235171D7004A059B /* SaintIconModel.swift */,
				8A19AE5D235171D6004A059B /* SaintIconView.swift */,
				8AA660DF22EEA67F0021D996 /* SaintModel.swift */,
			);
			name = DailyTab;
			sourceTree = "<group>";
		};
		8A229D5C22FD7C7600CEA2DB /* LibraryTab */ = {
			isa = PBXGroup;
			children = (
				8A3F530B27E04104005C8C2A /* NewTestamentFilenames.json */,
				8A3F530A27E04104005C8C2A /* NewTestamentItems.json */,
				8A3F530927E04104005C8C2A /* OldTestamentFilenames.json */,
				8A3F530C27E04104005C8C2A /* OldTestamentItems.json */,
				8A4D008526A6D6E300E355B2 /* BookPageCells.swift */,
				8A4D008826A6D6E400E355B2 /* BookPageMultiple.swift */,
				8A4D008726A6D6E400E355B2 /* BookPageSingle.swift */,
				8A229D6F22FD92A800CEA2DB /* BookTOC.swift */,
				8A4D008D26A6D76300E355B2 /* BookUtils.swift */,
				8A86F7432333883800CFC905 /* ServiceDateSelector.swift */,
				8A229D7022FD92A800CEA2DB /* BookmarksModel.swift */,
				8A229D5722FD7C0F00CEA2DB /* BookModel.swift */,
				8A4D008626A6D6E400E355B2 /* EbookModel.swift */,
				8A229D5622FD7C0F00CEA2DB /* BibleModel.swift */,
				8A99279C2871C5F300A771BF /* PreachmentModel.swift */,
				8A229D5822FD7C0F00CEA2DB /* ChapterViewCell.swift */,
			);
			name = LibraryTab;
			sourceTree = "<group>";
		};
		8A23BFBE201049550034189E /* images */ = {
			isa = PBXGroup;
			children = (
				8A88FD722377F2AF00E46116 /* doxology.pdf */,
				8A88FD752377F2AF00E46116 /* great.pdf */,
				8A88FD762377F2B000E46116 /* nosign.pdf */,
				8A88FD732377F2AF00E46116 /* polyeleos.pdf */,
				8A88FD712377F2AF00E46116 /* sixverse.pdf */,
				8A88FD742377F2AF00E46116 /* vigil.pdf */,
				8A88FD6C2377EEA100E46116 /* fat-down.pdf */,
				8A88FD6A2377EEA100E46116 /* fat-left.pdf */,
				8A88FD692377EEA100E46116 /* fat-right.pdf */,
				8A88FD6B2377EEA100E46116 /* fat-up.pdf */,
				8A3D824823696D6D00C118AA /* salami.pdf */,
				8A0EA8DF234B3F2D0029CFB4 /* help.pdf */,
				8A0EA8DE234B3F2D0029CFB4 /* today.pdf */,
				8A229D6022FD7E6700CEA2DB /* add_bookmark.pdf */,
				8A229D6222FD7E6700CEA2DB /* remove_bookmark.pdf */,
				8A229D5F22FD7E6700CEA2DB /* arrow-left.pdf */,
				8A229D5E22FD7E6700CEA2DB /* arrow-right.pdf */,
				8A229D6122FD7E6700CEA2DB /* fontsize.pdf */,
				8A229D5D22FD7E6700CEA2DB /* review.pdf */,
				8AE3FA0622EB04FB0051F27F /* food-burger.pdf */,
				8AE3FA0522EB04FB0051F27F /* food-cupcake.pdf */,
				8AE3F9FE22EB04FB0051F27F /* food-fish.pdf */,
				8AE3F9FF22EB04FB0051F27F /* food-fruits.pdf */,
				8AE3FA0122EB04FB0051F27F /* food-mexican.pdf */,
				8AE3FA0022EB04FB0051F27F /* food-nothing.pdf */,
				8AE3FA0222EB04FB0051F27F /* food-pancake.pdf */,
				8AE3FA0422EB04FB0051F27F /* food-vegetables.pdf */,
				8AE3FA0322EB04FB0051F27F /* food-without-oil.pdf */,
				8A23BFCE201056390034189E /* close2.pdf */,
				8A23BFCD201056390034189E /* share.pdf */,
				8A23BFC8201053BB0034189E /* calendar.pdf */,
				8A23BFC9201053BC0034189E /* options.pdf */,
				8A23BFC7201053BB0034189E /* question.pdf */,
				8A23BFC4201049DC0034189E /* zoom_in.pdf */,
				8A23BFC3201049DC0034189E /* zoom_out.pdf */,
				8A23BFBF201049B00034189E /* bg3@2x.jpg */,
				8A23BFC0201049B10034189E /* church@2x.jpg */,
			);
			path = images;
			sourceTree = "<group>";
		};
		8A42D4B2271E7F9900AE8E13 /* ChurchTab */ = {
			isa = PBXGroup;
			children = (
				8A42D4B5271E801400AE8E13 /* ChurchDonation.swift */,
				8A42D4B4271E801400AE8E13 /* ChurchInfo.swift */,
				8A42D4B3271E801400AE8E13 /* ChurchTab.swift */,
				8A42D4B6271E801400AE8E13 /* IAPHelper.swift */,
			);
			name = ChurchTab;
			sourceTree = "<group>";
		};
		8A5D0852234750B7009D9F55 /* Year Calendar */ = {
			isa = PBXGroup;
			children = (
				8A5D085523475433009D9F55 /* YearCalendarGrid.swift */,
				8A5D085323475101009D9F55 /* YearCalendarGridTheme.swift */,
				8A5D084C234750B1009D9F55 /* FastingLegendCell.swift */,
				8A5D084D234750B1009D9F55 /* YearlyMonthViewCell.swift */,
				8A5D084E234750B1009D9F55 /* YearlyMonthViewCell.xib */,
				8A5D085623475433009D9F55 /* TopAlignedCollection.swift */,
			);
			name = "Year Calendar";
			sourceTree = "<group>";
		};
		8A88FD812377F59500E46116 /* Calendar Widget */ = {
			isa = PBXGroup;
			children = (
				8A88FD822377FA9C00E46116 /* CalendarWidgetViewController.swift */,
				8A88FD7D2377F57F00E46116 /* CompactViewController.swift */,
				8A88FD7E2377F58000E46116 /* ExpandedViewController.swift */,
			);
			name = "Calendar Widget";
			sourceTree = "<group>";
		};
		8AB18EE11F86360300F1A65C = {
			isa = PBXGroup;
			children = (
				8AB18EED1F86360300F1A65C /* swift-toolkit */,
				8AB18EEC1F86360300F1A65C /* Products */,
				8AC6753B1FED05AE00A9000C /* Frameworks */,
			);
			sourceTree = "<group>";
		};
		8AB18EEC1F86360300F1A65C /* Products */ = {
			isa = PBXGroup;
			children = (
				8AB18EEB1F86360300F1A65C /* swift_toolkit.framework */,
			);
			name = Products;
			sourceTree = "<group>";
		};
		8AB18EED1F86360300F1A65C /* swift-toolkit */ = {
			isa = PBXGroup;
			children = (
				8A42D4B2271E7F9900AE8E13 /* ChurchTab */,
				8A00A50A22F6DE540040F14C /* Calendar */,
				8A161E1F23225A730067BE89 /* Calendar UI */,
				8A5D0852234750B7009D9F55 /* Year Calendar */,
				8A19AE5B23517188004A059B /* DailyTab */,
				8A229D5C22FD7C7600CEA2DB /* LibraryTab */,
				8A0F819223040E9500BDCCAD /* Custom UI */,
				8A88FD812377F59500E46116 /* Calendar Widget */,
				8A23BFBE201049550034189E /* images */,
				8AC675411FED06A900A9000C /* Theme.swift */,
				8AA660E122EED0570021D996 /* AppGroup.swift */,
				8AA660D722EEA1AE0021D996 /* Translate.swift */,
				8A5F0BEA1F8732650059194A /* Extensions.swift */,
				8A55458621A122E8003C60BC /* SwifterSwift.swift */,
				8A054C7A1FFA1ADE00A50CB4 /* Palette.swift */,
				8A12C92123507D1B00F16694 /* FeastList.swift */,
				8A12C92223507D1B00F16694 /* FeastNotifications.swift */,
				8AB18EEE1F86360300F1A65C /* swift_toolkit.h */,
				8AB18EEF1F86360300F1A65C /* Info.plist */,
				8AC338151FB851C100CF0D02 /* Main.storyboard */,
				8A23BFBC201048EE0034189E /* Images.xcassets */,
			);
			path = "swift-toolkit";
			sourceTree = "<group>";
		};
		8AC6753B1FED05AE00A9000C /* Frameworks */ = {
			isa = PBXGroup;
			children = (
				8A88FD842377FAB600E46116 /* NotificationCenter.framework */,
			);
			name = Frameworks;
			sourceTree = "<group>";
		};
/* End PBXGroup section */

/* Begin PBXHeadersBuildPhase section */
		8AB18EE81F86360300F1A65C /* Headers */ = {
			isa = PBXHeadersBuildPhase;
			buildActionMask = 2147483647;
			files = (
				8AB18EF01F86360300F1A65C /* swift_toolkit.h in Headers */,
			);
			runOnlyForDeploymentPostprocessing = 0;
		};
/* End PBXHeadersBuildPhase section */

/* Begin PBXNativeTarget section */
		8AB18EEA1F86360300F1A65C /* swift-toolkit */ = {
			isa = PBXNativeTarget;
			buildConfigurationList = 8AB18EF31F86360300F1A65C /* Build configuration list for PBXNativeTarget "swift-toolkit" */;
			buildPhases = (
				8AB18EE81F86360300F1A65C /* Headers */,
				8AB18EE61F86360300F1A65C /* Sources */,
				8AB18EE71F86360300F1A65C /* Frameworks */,
				8AB18EE91F86360300F1A65C /* Resources */,
			);
			buildRules = (
			);
			dependencies = (
			);
			name = "swift-toolkit";
			productName = "swift-toolkit";
			productReference = 8AB18EEB1F86360300F1A65C /* swift_toolkit.framework */;
			productType = "com.apple.product-type.framework";
		};
/* End PBXNativeTarget section */

/* Begin PBXProject section */
		8AB18EE21F86360300F1A65C /* Project object */ = {
			isa = PBXProject;
			attributes = {
				LastUpgradeCheck = 0900;
				ORGANIZATIONNAME = "Alexey Smirnov";
				TargetAttributes = {
					8AB18EEA1F86360300F1A65C = {
						CreatedOnToolsVersion = 9.0;
						LastSwiftMigration = 1000;
						ProvisioningStyle = Automatic;
					};
				};
			};
			buildConfigurationList = 8AB18EE51F86360300F1A65C /* Build configuration list for PBXProject "swift-toolkit" */;
			compatibilityVersion = "Xcode 8.0";
			developmentRegion = en;
			hasScannedForEncodings = 0;
			knownRegions = (
				en,
			);
			mainGroup = 8AB18EE11F86360300F1A65C;
			productRefGroup = 8AB18EEC1F86360300F1A65C /* Products */;
			projectDirPath = "";
			projectRoot = "";
			targets = (
				8AB18EEA1F86360300F1A65C /* swift-toolkit */,
			);
		};
/* End PBXProject section */

/* Begin PBXResourcesBuildPhase section */
		8AB18EE91F86360300F1A65C /* Resources */ = {
			isa = PBXResourcesBuildPhase;
			buildActionMask = 2147483647;
			files = (
				8A23BFC1201049B10034189E /* bg3@2x.jpg in Resources */,
				8A88FD6F2377EEA100E46116 /* fat-up.pdf in Resources */,
				8A88FD6E2377EEA100E46116 /* fat-left.pdf in Resources */,
				8A23BFBD201048EE0034189E /* Images.xcassets in Resources */,
				8AE3FA0B22EB04FB0051F27F /* food-pancake.pdf in Resources */,
				8A0EA8E1234B3F2D0029CFB4 /* help.pdf in Resources */,
				8A161E2923225C900067BE89 /* ReadingApostle.plist in Resources */,
				8A88FD702377EEA100E46116 /* fat-down.pdf in Resources */,
				8AE3FA0E22EB04FB0051F27F /* food-cupcake.pdf in Resources */,
				8A88FD7A2377F2B000E46116 /* vigil.pdf in Resources */,
				8A88FD792377F2B000E46116 /* polyeleos.pdf in Resources */,
				8A88FD782377F2B000E46116 /* doxology.pdf in Resources */,
				8A3F530D27E04104005C8C2A /* OldTestamentFilenames.json in Resources */,
				8A229D6322FD7E6700CEA2DB /* review.pdf in Resources */,
				8A23BFCC201053BC0034189E /* options.pdf in Resources */,
				8A3F530E27E04104005C8C2A /* NewTestamentItems.json in Resources */,
				8A229D6722FD7E6700CEA2DB /* fontsize.pdf in Resources */,
				8A23BFD0201056390034189E /* close2.pdf in Resources */,
				8A88FD772377F2B000E46116 /* sixverse.pdf in Resources */,
				8AC338161FB851C100CF0D02 /* Main.storyboard in Resources */,
				8A23BFCF201056390034189E /* share.pdf in Resources */,
				8AE3FA0A22EB04FB0051F27F /* food-mexican.pdf in Resources */,
				8AE3FA0922EB04FB0051F27F /* food-nothing.pdf in Resources */,
				8A161E2523225C900067BE89 /* ReadingJohn.plist in Resources */,
				8AE3FA0C22EB04FB0051F27F /* food-without-oil.pdf in Resources */,
				8A161E2823225C900067BE89 /* ReadingMatthew.plist in Resources */,
				8A229D6522FD7E6700CEA2DB /* arrow-left.pdf in Resources */,
				8A0EA8E0234B3F2D0029CFB4 /* today.pdf in Resources */,
				8A23BFC5201049DC0034189E /* zoom_out.pdf in Resources */,
				8AE3FA0F22EB04FB0051F27F /* food-burger.pdf in Resources */,
				8A3F530F27E04104005C8C2A /* NewTestamentFilenames.json in Resources */,
				8A23BFC6201049DC0034189E /* zoom_in.pdf in Resources */,
				8A3F531027E04104005C8C2A /* OldTestamentItems.json in Resources */,
				8A161E2623225C900067BE89 /* ReadingLuke.plist in Resources */,
				8AE3FA0822EB04FB0051F27F /* food-fruits.pdf in Resources */,
				8A88FD7C2377F2B000E46116 /* nosign.pdf in Resources */,
				8A23BFCA201053BC0034189E /* question.pdf in Resources */,
				8A23BFCB201053BC0034189E /* calendar.pdf in Resources */,
				8AE3FA0722EB04FB0051F27F /* food-fish.pdf in Resources */,
				8A229D6622FD7E6700CEA2DB /* add_bookmark.pdf in Resources */,
				8A229D6822FD7E6700CEA2DB /* remove_bookmark.pdf in Resources */,
				8A53143827BE2A9600FB7149 /* calendar.json in Resources */,
				8A3D824923696D6D00C118AA /* salami.pdf in Resources */,
				8A161E2723225C900067BE89 /* ReadingLent.plist in Resources */,
				8AE3FA0D22EB04FB0051F27F /* food-vegetables.pdf in Resources */,
				8A23BFC2201049B10034189E /* church@2x.jpg in Resources */,
				8A88FD7B2377F2B000E46116 /* great.pdf in Resources */,
				8A229D6422FD7E6700CEA2DB /* arrow-right.pdf in Resources */,
				8A5D0851234750B2009D9F55 /* YearlyMonthViewCell.xib in Resources */,
				8A88FD6D2377EEA100E46116 /* fat-right.pdf in Resources */,
			);
			runOnlyForDeploymentPostprocessing = 0;
		};
/* End PBXResourcesBuildPhase section */

/* Begin PBXSourcesBuildPhase section */
		8AB18EE61F86360300F1A65C /* Sources */ = {
			isa = PBXSourcesBuildPhase;
			buildActionMask = 2147483647;
			files = (
				8A5D085823475433009D9F55 /* TopAlignedCollection.swift in Sources */,
				8AC3381E1FB879D300CF0D02 /* CalendarDelegate.swift in Sources */,
				8A229D5922FD7C0F00CEA2DB /* BibleModel.swift in Sources */,
				8A42D4B9271E801400AE8E13 /* ChurchDonation.swift in Sources */,
				8A0EA8E3234B404E0029CFB4 /* FastingLegendTableView.swift in Sources */,
				8AC3381F1FB879D300CF0D02 /* PopupController.swift in Sources */,
				8A19AE60235171D7004A059B /* SaintIconView.swift in Sources */,
				8A5D084F234750B2009D9F55 /* FastingLegendCell.swift in Sources */,
				8AFE334822F4319F008DBCD6 /* DayViewCell.swift in Sources */,
				8AA660E022EEA67F0021D996 /* SaintModel.swift in Sources */,
				8A229D5A22FD7C0F00CEA2DB /* BookModel.swift in Sources */,
				8A88FD7F2377F58000E46116 /* CompactViewController.swift in Sources */,
				8A42D4B8271E801400AE8E13 /* ChurchInfo.swift in Sources */,
				8A53143A27BE4D8400FB7149 /* ChurchDay.swift in Sources */,
				8A5D0850234750B2009D9F55 /* YearlyMonthViewCell.swift in Sources */,
				8A88FD832377FA9C00E46116 /* CalendarWidgetViewController.swift in Sources */,
				8A12380D1F8F3CED00F6B382 /* ViewControllerAnimated.swift in Sources */,
				8A5D085A234757D2009D9F55 /* CalendarSelector.swift in Sources */,
				8A161E2B232263130067BE89 /* PericopeModel.swift in Sources */,
				8AFD017C23813E6500BE14D1 /* WeekCalendarCell.swift in Sources */,
				8A5F0BE81F872D8F0059194A /* TextCell.swift in Sources */,
				8A3560A127B3BC5E0096902C /* ChurchCalendar.swift in Sources */,
				8A55458721A122E8003C60BC /* SwifterSwift.swift in Sources */,
				8A4D008E26A6D76300E355B2 /* BookUtils.swift in Sources */,
				8A99279D2871C5F300A771BF /* PreachmentModel.swift in Sources */,
				8AFE334622F41A06008DBCD6 /* LabelViewCell.swift in Sources */,
				8A19AE5F235171D7004A059B /* CenterViewFlowLayout.swift in Sources */,
				8A42D4B7271E801400AE8E13 /* ChurchTab.swift in Sources */,
				8A12C92423507D1B00F16694 /* FeastNotifications.swift in Sources */,
				8AA660E222EED0570021D996 /* AppGroup.swift in Sources */,
				8A12C92323507D1B00F16694 /* FeastList.swift in Sources */,
				8A5F0BEB1F8732650059194A /* Extensions.swift in Sources */,
				8A229D7122FD92A800CEA2DB /* BookTOC.swift in Sources */,
				8AC338211FB879D300CF0D02 /* MonthViewCell.swift in Sources */,
				8A0F81912303BD1200BDCCAD /* ReusableCells.swift in Sources */,
				8A229D7222FD92A800CEA2DB /* BookmarksModel.swift in Sources */,
				8A88FD802377F58000E46116 /* ExpandedViewController.swift in Sources */,
				8A229D5B22FD7C0F00CEA2DB /* ChapterViewCell.swift in Sources */,
				8A5D085423475101009D9F55 /* YearCalendarGridTheme.swift in Sources */,
				8AFF6641218EEC9100DDA40B /* TextDetailsCell.swift in Sources */,
				8A19AE61235171D7004A059B /* SaintIconModel.swift in Sources */,
				8A3560A327B3BF910096902C /* ChurchReading.swift in Sources */,
				8A4D008A26A6D6E400E355B2 /* EbookModel.swift in Sources */,
				8A5CE4E5219EB99C007FAEAE /* CustomBarButton.swift in Sources */,
				8A4D008B26A6D6E400E355B2 /* BookPageSingle.swift in Sources */,
				8AC338201FB879D300CF0D02 /* CalendarContainer.swift in Sources */,
				8A1238091F8F3C8900F6B382 /* Animation.swift in Sources */,
				8A12380B1F8F3CB900F6B382 /* TabBarAnimated.swift in Sources */,
				8AA660DB22EEA1AE0021D996 /* Translate.swift in Sources */,
				8A054C7B1FFA1ADE00A50CB4 /* Palette.swift in Sources */,
				8A35609F27B3BC220096902C /* ChurchFasting.swift in Sources */,
				8AC675421FED06A900A9000C /* Theme.swift in Sources */,
				8A4D008926A6D6E400E355B2 /* BookPageCells.swift in Sources */,
				8AFD017B23813E6500BE14D1 /* WeekCalendar.swift in Sources */,
				8A42D4BA271E801400AE8E13 /* IAPHelper.swift in Sources */,
				8A2E560F2302B4A8009C8DE8 /* ImageViewCell.swift in Sources */,
				8A86F7442333883800CFC905 /* ServiceDateSelector.swift in Sources */,
				8A4D008C26A6D6E400E355B2 /* BookPageMultiple.swift in Sources */,
				8AFF6645218EED6500DDA40B /* ImageCell.swift in Sources */,
				8A5D085723475433009D9F55 /* YearCalendarGrid.swift in Sources */,
			);
			runOnlyForDeploymentPostprocessing = 0;
		};
/* End PBXSourcesBuildPhase section */

/* Begin XCBuildConfiguration section */
		8AB18EF11F86360300F1A65C /* Debug */ = {
			isa = XCBuildConfiguration;
			buildSettings = {
				ALWAYS_SEARCH_USER_PATHS = NO;
				CLANG_ANALYZER_NONNULL = YES;
				CLANG_ANALYZER_NUMBER_OBJECT_CONVERSION = YES_AGGRESSIVE;
				CLANG_CXX_LANGUAGE_STANDARD = "gnu++14";
				CLANG_CXX_LIBRARY = "libc++";
				CLANG_ENABLE_MODULES = YES;
				CLANG_ENABLE_OBJC_ARC = YES;
				CLANG_WARN_BLOCK_CAPTURE_AUTORELEASING = YES;
				CLANG_WARN_BOOL_CONVERSION = YES;
				CLANG_WARN_COMMA = YES;
				CLANG_WARN_CONSTANT_CONVERSION = YES;
				CLANG_WARN_DIRECT_OBJC_ISA_USAGE = YES_ERROR;
				CLANG_WARN_DOCUMENTATION_COMMENTS = YES;
				CLANG_WARN_EMPTY_BODY = YES;
				CLANG_WARN_ENUM_CONVERSION = YES;
				CLANG_WARN_INFINITE_RECURSION = YES;
				CLANG_WARN_INT_CONVERSION = YES;
				CLANG_WARN_NON_LITERAL_NULL_CONVERSION = YES;
				CLANG_WARN_OBJC_LITERAL_CONVERSION = YES;
				CLANG_WARN_OBJC_ROOT_CLASS = YES_ERROR;
				CLANG_WARN_RANGE_LOOP_ANALYSIS = YES;
				CLANG_WARN_STRICT_PROTOTYPES = YES;
				CLANG_WARN_SUSPICIOUS_MOVE = YES;
				CLANG_WARN_UNGUARDED_AVAILABILITY = YES_AGGRESSIVE;
				CLANG_WARN_UNREACHABLE_CODE = YES;
				CLANG_WARN__DUPLICATE_METHOD_MATCH = YES;
				CODE_SIGN_IDENTITY = "iPhone Developer";
				COPY_PHASE_STRIP = NO;
				CURRENT_PROJECT_VERSION = 1;
				DEBUG_INFORMATION_FORMAT = dwarf;
				ENABLE_STRICT_OBJC_MSGSEND = YES;
				ENABLE_TESTABILITY = YES;
				GCC_C_LANGUAGE_STANDARD = gnu11;
				GCC_DYNAMIC_NO_PIC = NO;
				GCC_NO_COMMON_BLOCKS = YES;
				GCC_OPTIMIZATION_LEVEL = 0;
				GCC_PREPROCESSOR_DEFINITIONS = (
					"DEBUG=1",
					"$(inherited)",
				);
				GCC_WARN_64_TO_32_BIT_CONVERSION = YES;
				GCC_WARN_ABOUT_RETURN_TYPE = YES_ERROR;
				GCC_WARN_UNDECLARED_SELECTOR = YES;
				GCC_WARN_UNINITIALIZED_AUTOS = YES_AGGRESSIVE;
				GCC_WARN_UNUSED_FUNCTION = YES;
				GCC_WARN_UNUSED_VARIABLE = YES;
				IPHONEOS_DEPLOYMENT_TARGET = 11.0;
				MTL_ENABLE_DEBUG_INFO = YES;
				ONLY_ACTIVE_ARCH = YES;
				SDKROOT = iphoneos;
				SWIFT_ACTIVE_COMPILATION_CONDITIONS = DEBUG;
				SWIFT_OPTIMIZATION_LEVEL = "-Onone";
				SWIFT_VERSION = 5.0;
				VERSIONING_SYSTEM = "apple-generic";
				VERSION_INFO_PREFIX = "";
			};
			name = Debug;
		};
		8AB18EF21F86360300F1A65C /* Release */ = {
			isa = XCBuildConfiguration;
			buildSettings = {
				ALWAYS_SEARCH_USER_PATHS = NO;
				CLANG_ANALYZER_NONNULL = YES;
				CLANG_ANALYZER_NUMBER_OBJECT_CONVERSION = YES_AGGRESSIVE;
				CLANG_CXX_LANGUAGE_STANDARD = "gnu++14";
				CLANG_CXX_LIBRARY = "libc++";
				CLANG_ENABLE_MODULES = YES;
				CLANG_ENABLE_OBJC_ARC = YES;
				CLANG_WARN_BLOCK_CAPTURE_AUTORELEASING = YES;
				CLANG_WARN_BOOL_CONVERSION = YES;
				CLANG_WARN_COMMA = YES;
				CLANG_WARN_CONSTANT_CONVERSION = YES;
				CLANG_WARN_DIRECT_OBJC_ISA_USAGE = YES_ERROR;
				CLANG_WARN_DOCUMENTATION_COMMENTS = YES;
				CLANG_WARN_EMPTY_BODY = YES;
				CLANG_WARN_ENUM_CONVERSION = YES;
				CLANG_WARN_INFINITE_RECURSION = YES;
				CLANG_WARN_INT_CONVERSION = YES;
				CLANG_WARN_NON_LITERAL_NULL_CONVERSION = YES;
				CLANG_WARN_OBJC_LITERAL_CONVERSION = YES;
				CLANG_WARN_OBJC_ROOT_CLASS = YES_ERROR;
				CLANG_WARN_RANGE_LOOP_ANALYSIS = YES;
				CLANG_WARN_STRICT_PROTOTYPES = YES;
				CLANG_WARN_SUSPICIOUS_MOVE = YES;
				CLANG_WARN_UNGUARDED_AVAILABILITY = YES_AGGRESSIVE;
				CLANG_WARN_UNREACHABLE_CODE = YES;
				CLANG_WARN__DUPLICATE_METHOD_MATCH = YES;
				CODE_SIGN_IDENTITY = "iPhone Developer";
				COPY_PHASE_STRIP = NO;
				CURRENT_PROJECT_VERSION = 1;
				DEBUG_INFORMATION_FORMAT = "dwarf-with-dsym";
				ENABLE_NS_ASSERTIONS = NO;
				ENABLE_STRICT_OBJC_MSGSEND = YES;
				GCC_C_LANGUAGE_STANDARD = gnu11;
				GCC_NO_COMMON_BLOCKS = YES;
				GCC_WARN_64_TO_32_BIT_CONVERSION = YES;
				GCC_WARN_ABOUT_RETURN_TYPE = YES_ERROR;
				GCC_WARN_UNDECLARED_SELECTOR = YES;
				GCC_WARN_UNINITIALIZED_AUTOS = YES_AGGRESSIVE;
				GCC_WARN_UNUSED_FUNCTION = YES;
				GCC_WARN_UNUSED_VARIABLE = YES;
				IPHONEOS_DEPLOYMENT_TARGET = 11.0;
				MTL_ENABLE_DEBUG_INFO = NO;
				SDKROOT = iphoneos;
				SWIFT_COMPILATION_MODE = wholemodule;
				SWIFT_OPTIMIZATION_LEVEL = "-O";
				SWIFT_VERSION = 5.0;
				VALIDATE_PRODUCT = YES;
				VERSIONING_SYSTEM = "apple-generic";
				VERSION_INFO_PREFIX = "";
			};
			name = Release;
		};
		8AB18EF41F86360300F1A65C /* Debug */ = {
			isa = XCBuildConfiguration;
			buildSettings = {
				CLANG_ENABLE_MODULES = YES;
				CODE_SIGN_IDENTITY = "";
				CODE_SIGN_STYLE = Automatic;
				DEFINES_MODULE = YES;
				DEVELOPMENT_TEAM = 3NQ697ND22;
				DYLIB_COMPATIBILITY_VERSION = 1;
				DYLIB_CURRENT_VERSION = 1;
				DYLIB_INSTALL_NAME_BASE = "@rpath";
				FRAMEWORK_SEARCH_PATHS = (
					/Users/alexey/workspace/prayerbook_ru/Carthage/Build/iOS,
					"$(inherited)",
				);
				INFOPLIST_FILE = "swift-toolkit/Info.plist";
				INSTALL_PATH = "$(LOCAL_LIBRARY_DIR)/Frameworks";
				IPHONEOS_DEPLOYMENT_TARGET = 11.0;
				LD_RUNPATH_SEARCH_PATHS = (
					"$(inherited)",
					"@executable_path/Frameworks",
					"@loader_path/Frameworks",
				);
				PRODUCT_BUNDLE_IDENTIFIER = "com.rlc.swift-toolkit";
				PRODUCT_NAME = "$(TARGET_NAME:c99extidentifier)";
				SKIP_INSTALL = YES;
				SUPPORTS_MACCATALYST = NO;
				SWIFT_OPTIMIZATION_LEVEL = "-Onone";
				SWIFT_VERSION = 5.0;
				TARGETED_DEVICE_FAMILY = "1,2";
			};
			name = Debug;
		};
		8AB18EF51F86360300F1A65C /* Release */ = {
			isa = XCBuildConfiguration;
			buildSettings = {
				CLANG_ENABLE_MODULES = YES;
				CODE_SIGN_IDENTITY = "";
				CODE_SIGN_STYLE = Automatic;
				DEFINES_MODULE = YES;
				DEVELOPMENT_TEAM = 3NQ697ND22;
				DYLIB_COMPATIBILITY_VERSION = 1;
				DYLIB_CURRENT_VERSION = 1;
				DYLIB_INSTALL_NAME_BASE = "@rpath";
				FRAMEWORK_SEARCH_PATHS = (
					/Users/alexey/workspace/prayerbook_ru/Carthage/Build/iOS,
					"$(inherited)",
				);
				INFOPLIST_FILE = "swift-toolkit/Info.plist";
				INSTALL_PATH = "$(LOCAL_LIBRARY_DIR)/Frameworks";
				IPHONEOS_DEPLOYMENT_TARGET = 11.0;
				LD_RUNPATH_SEARCH_PATHS = (
					"$(inherited)",
					"@executable_path/Frameworks",
					"@loader_path/Frameworks",
				);
				PRODUCT_BUNDLE_IDENTIFIER = "com.rlc.swift-toolkit";
				PRODUCT_NAME = "$(TARGET_NAME:c99extidentifier)";
				SKIP_INSTALL = YES;
				SUPPORTS_MACCATALYST = NO;
				SWIFT_VERSION = 5.0;
				TARGETED_DEVICE_FAMILY = "1,2";
			};
			name = Release;
		};
/* End XCBuildConfiguration section */

/* Begin XCConfigurationList section */
		8AB18EE51F86360300F1A65C /* Build configuration list for PBXProject "swift-toolkit" */ = {
			isa = XCConfigurationList;
			buildConfigurations = (
				8AB18EF11F86360300F1A65C /* Debug */,
				8AB18EF21F86360300F1A65C /* Release */,
			);
			defaultConfigurationIsVisible = 0;
			defaultConfigurationName = Release;
		};
		8AB18EF31F86360300F1A65C /* Build configuration list for PBXNativeTarget "swift-toolkit" */ = {
			isa = XCConfigurationList;
			buildConfigurations = (
				8AB18EF41F86360300F1A65C /* Debug */,
				8AB18EF51F86360300F1A65C /* Release */,
			);
			defaultConfigurationIsVisible = 0;
			defaultConfigurationName = Release;
		};
/* End XCConfigurationList section */
	};
	rootObject = 8AB18EE21F86360300F1A65C /* Project object */;
}
